// !$*UTF8*$!
{
	archiveVersion = 1;
	classes = {
	};
	objectVersion = 50;
	objects = {

/* Begin PBXBuildFile section */
		A59C3ECE21AAC2AF00C957B1 /* RegisterViewController.swift in Sources */ = {isa = PBXBuildFile; fileRef = A59C3ECD21AAC2AF00C957B1 /* RegisterViewController.swift */; };
		A59C3ED021AAC2D200C957B1 /* LoginViewController.swift in Sources */ = {isa = PBXBuildFile; fileRef = A59C3ECF21AAC2D200C957B1 /* LoginViewController.swift */; };
		A59C3ED321AAC2FB00C957B1 /* Login.storyboard in Resources */ = {isa = PBXBuildFile; fileRef = A59C3ED121AAC2FB00C957B1 /* Login.storyboard */; };
		A59C3ED421AAC2FB00C957B1 /* register.storyboard in Resources */ = {isa = PBXBuildFile; fileRef = A59C3ED221AAC2FB00C957B1 /* register.storyboard */; };
		AD6A3ECC21AAA09300D22D7D /* Chat.storyboard in Resources */ = {isa = PBXBuildFile; fileRef = AD6A3ECB21AAA09300D22D7D /* Chat.storyboard */; };
		AD6A3ECF21AAA11700D22D7D /* ChatViewController.swift in Sources */ = {isa = PBXBuildFile; fileRef = AD6A3ECE21AAA11700D22D7D /* ChatViewController.swift */; };
		AD6A3ED321AAA1B000D22D7D /* ChatTableViewCell.swift in Sources */ = {isa = PBXBuildFile; fileRef = AD6A3ED121AAA1B000D22D7D /* ChatTableViewCell.swift */; };
		AD6A3ED421AAA1B000D22D7D /* ChatTableViewCell.xib in Resources */ = {isa = PBXBuildFile; fileRef = AD6A3ED221AAA1B000D22D7D /* ChatTableViewCell.xib */; };
		B725462921AA952200FE48E7 /* AppDelegate.swift in Sources */ = {isa = PBXBuildFile; fileRef = B725462821AA952200FE48E7 /* AppDelegate.swift */; };
		B725462B21AA952200FE48E7 /* ViewController.swift in Sources */ = {isa = PBXBuildFile; fileRef = B725462A21AA952200FE48E7 /* ViewController.swift */; };
		B725462E21AA952200FE48E7 /* Main.storyboard in Resources */ = {isa = PBXBuildFile; fileRef = B725462C21AA952200FE48E7 /* Main.storyboard */; };
		B725463021AA952300FE48E7 /* Assets.xcassets in Resources */ = {isa = PBXBuildFile; fileRef = B725462F21AA952300FE48E7 /* Assets.xcassets */; };
		B725463321AA952300FE48E7 /* LaunchScreen.storyboard in Resources */ = {isa = PBXBuildFile; fileRef = B725463121AA952300FE48E7 /* LaunchScreen.storyboard */; };
		B798515D21AAD5C10089D1E8 /* TabBar.storyboard in Resources */ = {isa = PBXBuildFile; fileRef = B798515C21AAD5C10089D1E8 /* TabBar.storyboard */; };
		B798515F21AAD82F0089D1E8 /* AppColor.swift in Sources */ = {isa = PBXBuildFile; fileRef = B798515E21AAD82F0089D1E8 /* AppColor.swift */; };
		B798516021AAD8B90089D1E8 /* Alamofire.framework in Frameworks */ = {isa = PBXBuildFile; fileRef = B725464121AA98B700FE48E7 /* Alamofire.framework */; };
		B798516121AAD8B90089D1E8 /* RxSwift.framework in Frameworks */ = {isa = PBXBuildFile; fileRef = B725464421AA98B700FE48E7 /* RxSwift.framework */; };
		B798516221AAD8B90089D1E8 /* SDWebImage.framework in Frameworks */ = {isa = PBXBuildFile; fileRef = B725464521AA98B700FE48E7 /* SDWebImage.framework */; };
		B798516321AAD8B90089D1E8 /* SnapKit.framework in Frameworks */ = {isa = PBXBuildFile; fileRef = B725464221AA98B700FE48E7 /* SnapKit.framework */; };
		B798516421AAD8B90089D1E8 /* SwiftyUserDefaults.framework in Frameworks */ = {isa = PBXBuildFile; fileRef = B725464321AA98B700FE48E7 /* SwiftyUserDefaults.framework */; };
		B798516721AAD8BA0089D1E8 /* XLPagerTabStrip.framework in Frameworks */ = {isa = PBXBuildFile; fileRef = B798516521AAD8BA0089D1E8 /* XLPagerTabStrip.framework */; };
		B7D3F4AA21AAE58200BFDEB6 /* AttributeViewController.swift in Sources */ = {isa = PBXBuildFile; fileRef = B7D3F4A921AAE58200BFDEB6 /* AttributeViewController.swift */; };
		B7D3F4AC21AAE58E00BFDEB6 /* Attribute.storyboard in Resources */ = {isa = PBXBuildFile; fileRef = B7D3F4AB21AAE58E00BFDEB6 /* Attribute.storyboard */; };
		B7D3F4AF21AAEBB300BFDEB6 /* ConsultationViewController.swift in Sources */ = {isa = PBXBuildFile; fileRef = B7D3F4AE21AAEBB300BFDEB6 /* ConsultationViewController.swift */; };
		B7D3F4B121AAEBC000BFDEB6 /* ConsultationTableViewCell.swift in Sources */ = {isa = PBXBuildFile; fileRef = B7D3F4B021AAEBC000BFDEB6 /* ConsultationTableViewCell.swift */; };
		B7D3F4B421AAEBD800BFDEB6 /* Consultation.storyboard in Resources */ = {isa = PBXBuildFile; fileRef = B7D3F4B321AAEBD800BFDEB6 /* Consultation.storyboard */; };
		B7F3C87621AAD4E100A64BAE /* StoryBoard.swift in Sources */ = {isa = PBXBuildFile; fileRef = B7F3C87521AAD4E100A64BAE /* StoryBoard.swift */; };
		B7F3C87921AAD4F500A64BAE /* HomeViewController.swift in Sources */ = {isa = PBXBuildFile; fileRef = B7F3C87821AAD4F500A64BAE /* HomeViewController.swift */; };
		B7F3C87B21AAD4FF00A64BAE /* TabBarController.swift in Sources */ = {isa = PBXBuildFile; fileRef = B7F3C87A21AAD4FF00A64BAE /* TabBarController.swift */; };
		B7F3C87E21AAD56400A64BAE /* Home.storyboard in Resources */ = {isa = PBXBuildFile; fileRef = B7F3C87D21AAD56400A64BAE /* Home.storyboard */; };
/* End PBXBuildFile section */

/* Begin PBXFileReference section */
		A59C3ECD21AAC2AF00C957B1 /* RegisterViewController.swift */ = {isa = PBXFileReference; fileEncoding = 4; lastKnownFileType = sourcecode.swift; path = RegisterViewController.swift; sourceTree = "<group>"; };
		A59C3ECF21AAC2D200C957B1 /* LoginViewController.swift */ = {isa = PBXFileReference; fileEncoding = 4; lastKnownFileType = sourcecode.swift; path = LoginViewController.swift; sourceTree = "<group>"; };
		A59C3ED121AAC2FB00C957B1 /* Login.storyboard */ = {isa = PBXFileReference; fileEncoding = 4; lastKnownFileType = file.storyboard; path = Login.storyboard; sourceTree = "<group>"; };
		A59C3ED221AAC2FB00C957B1 /* register.storyboard */ = {isa = PBXFileReference; fileEncoding = 4; lastKnownFileType = file.storyboard; path = register.storyboard; sourceTree = "<group>"; };
		AD6A3ECB21AAA09300D22D7D /* Chat.storyboard */ = {isa = PBXFileReference; lastKnownFileType = file.storyboard; path = Chat.storyboard; sourceTree = "<group>"; };
		AD6A3ECE21AAA11700D22D7D /* ChatViewController.swift */ = {isa = PBXFileReference; lastKnownFileType = sourcecode.swift; path = ChatViewController.swift; sourceTree = "<group>"; };
		AD6A3ED121AAA1B000D22D7D /* ChatTableViewCell.swift */ = {isa = PBXFileReference; lastKnownFileType = sourcecode.swift; path = ChatTableViewCell.swift; sourceTree = "<group>"; };
		AD6A3ED221AAA1B000D22D7D /* ChatTableViewCell.xib */ = {isa = PBXFileReference; lastKnownFileType = file.xib; path = ChatTableViewCell.xib; sourceTree = "<group>"; };
		B725462521AA952200FE48E7 /* Hackathon.app */ = {isa = PBXFileReference; explicitFileType = wrapper.application; includeInIndex = 0; path = Hackathon.app; sourceTree = BUILT_PRODUCTS_DIR; };
		B725462821AA952200FE48E7 /* AppDelegate.swift */ = {isa = PBXFileReference; lastKnownFileType = sourcecode.swift; path = AppDelegate.swift; sourceTree = "<group>"; };
		B725462A21AA952200FE48E7 /* ViewController.swift */ = {isa = PBXFileReference; lastKnownFileType = sourcecode.swift; path = ViewController.swift; sourceTree = "<group>"; };
		B725462D21AA952200FE48E7 /* Base */ = {isa = PBXFileReference; lastKnownFileType = file.storyboard; name = Base; path = Base.lproj/Main.storyboard; sourceTree = "<group>"; };
		B725462F21AA952300FE48E7 /* Assets.xcassets */ = {isa = PBXFileReference; lastKnownFileType = folder.assetcatalog; path = Assets.xcassets; sourceTree = "<group>"; };
		B725463221AA952300FE48E7 /* Base */ = {isa = PBXFileReference; lastKnownFileType = file.storyboard; name = Base; path = Base.lproj/LaunchScreen.storyboard; sourceTree = "<group>"; };
		B725463421AA952300FE48E7 /* Info.plist */ = {isa = PBXFileReference; lastKnownFileType = text.plist.xml; path = Info.plist; sourceTree = "<group>"; };
		B725464121AA98B700FE48E7 /* Alamofire.framework */ = {isa = PBXFileReference; lastKnownFileType = wrapper.framework; name = Alamofire.framework; path = Carthage/Build/iOS/Alamofire.framework; sourceTree = "<group>"; };
		B725464221AA98B700FE48E7 /* SnapKit.framework */ = {isa = PBXFileReference; lastKnownFileType = wrapper.framework; name = SnapKit.framework; path = Carthage/Build/iOS/SnapKit.framework; sourceTree = "<group>"; };
		B725464321AA98B700FE48E7 /* SwiftyUserDefaults.framework */ = {isa = PBXFileReference; lastKnownFileType = wrapper.framework; name = SwiftyUserDefaults.framework; path = Carthage/Build/iOS/SwiftyUserDefaults.framework; sourceTree = "<group>"; };
		B725464421AA98B700FE48E7 /* RxSwift.framework */ = {isa = PBXFileReference; lastKnownFileType = wrapper.framework; name = RxSwift.framework; path = Carthage/Build/iOS/RxSwift.framework; sourceTree = "<group>"; };
		B725464521AA98B700FE48E7 /* SDWebImage.framework */ = {isa = PBXFileReference; lastKnownFileType = wrapper.framework; name = SDWebImage.framework; path = Carthage/Build/iOS/SDWebImage.framework; sourceTree = "<group>"; };
		B798515C21AAD5C10089D1E8 /* TabBar.storyboard */ = {isa = PBXFileReference; fileEncoding = 4; lastKnownFileType = file.storyboard; path = TabBar.storyboard; sourceTree = "<group>"; };
		B798515E21AAD82F0089D1E8 /* AppColor.swift */ = {isa = PBXFileReference; lastKnownFileType = sourcecode.swift; path = AppColor.swift; sourceTree = "<group>"; };
		B798516521AAD8BA0089D1E8 /* XLPagerTabStrip.framework */ = {isa = PBXFileReference; lastKnownFileType = wrapper.framework; name = XLPagerTabStrip.framework; path = Carthage/Build/iOS/XLPagerTabStrip.framework; sourceTree = "<group>"; };
		B798516621AAD8BA0089D1E8 /* SlackTextViewController.framework */ = {isa = PBXFileReference; lastKnownFileType = wrapper.framework; name = SlackTextViewController.framework; path = Carthage/Build/iOS/SlackTextViewController.framework; sourceTree = "<group>"; };
		B7D3F4A921AAE58200BFDEB6 /* AttributeViewController.swift */ = {isa = PBXFileReference; lastKnownFileType = sourcecode.swift; path = AttributeViewController.swift; sourceTree = "<group>"; };
		B7D3F4AB21AAE58E00BFDEB6 /* Attribute.storyboard */ = {isa = PBXFileReference; lastKnownFileType = file.storyboard; path = Attribute.storyboard; sourceTree = "<group>"; };
		B7D3F4AE21AAEBB300BFDEB6 /* ConsultationViewController.swift */ = {isa = PBXFileReference; lastKnownFileType = sourcecode.swift; path = ConsultationViewController.swift; sourceTree = "<group>"; };
		B7D3F4B021AAEBC000BFDEB6 /* ConsultationTableViewCell.swift */ = {isa = PBXFileReference; lastKnownFileType = sourcecode.swift; path = ConsultationTableViewCell.swift; sourceTree = "<group>"; };
		B7D3F4B321AAEBD800BFDEB6 /* Consultation.storyboard */ = {isa = PBXFileReference; lastKnownFileType = file.storyboard; path = Consultation.storyboard; sourceTree = "<group>"; };
		B7F3C87521AAD4E100A64BAE /* StoryBoard.swift */ = {isa = PBXFileReference; fileEncoding = 4; lastKnownFileType = sourcecode.swift; path = StoryBoard.swift; sourceTree = "<group>"; };
		B7F3C87821AAD4F500A64BAE /* HomeViewController.swift */ = {isa = PBXFileReference; fileEncoding = 4; lastKnownFileType = sourcecode.swift; path = HomeViewController.swift; sourceTree = "<group>"; };
		B7F3C87A21AAD4FF00A64BAE /* TabBarController.swift */ = {isa = PBXFileReference; fileEncoding = 4; lastKnownFileType = sourcecode.swift; path = TabBarController.swift; sourceTree = "<group>"; };
		B7F3C87D21AAD56400A64BAE /* Home.storyboard */ = {isa = PBXFileReference; fileEncoding = 4; lastKnownFileType = file.storyboard; path = Home.storyboard; sourceTree = "<group>"; };
/* End PBXFileReference section */

/* Begin PBXFrameworksBuildPhase section */
		B725462221AA952200FE48E7 /* Frameworks */ = {
			isa = PBXFrameworksBuildPhase;
			buildActionMask = 2147483647;
			files = (
				B798516721AAD8BA0089D1E8 /* XLPagerTabStrip.framework in Frameworks */,
				B798516021AAD8B90089D1E8 /* Alamofire.framework in Frameworks */,
				B798516121AAD8B90089D1E8 /* RxSwift.framework in Frameworks */,
				B798516221AAD8B90089D1E8 /* SDWebImage.framework in Frameworks */,
				B798516321AAD8B90089D1E8 /* SnapKit.framework in Frameworks */,
				B798516421AAD8B90089D1E8 /* SwiftyUserDefaults.framework in Frameworks */,
			);
			runOnlyForDeploymentPostprocessing = 0;
		};
/* End PBXFrameworksBuildPhase section */

/* Begin PBXGroup section */
		A59C3EC721AAC26B00C957B1 /* OAuth */ = {
			isa = PBXGroup;
			children = (
				A59C3ED121AAC2FB00C957B1 /* Login.storyboard */,
				A59C3ED221AAC2FB00C957B1 /* register.storyboard */,
			);
			path = OAuth;
			sourceTree = "<group>";
		};
		A59C3EC821AAC27300C957B1 /* OAuth */ = {
			isa = PBXGroup;
			children = (
				A59C3ECF21AAC2D200C957B1 /* LoginViewController.swift */,
				A59C3ECD21AAC2AF00C957B1 /* RegisterViewController.swift */,
			);
			path = OAuth;
			sourceTree = "<group>";
		};
		AD6A3ECA21AAA06800D22D7D /* Chat */ = {
			isa = PBXGroup;
			children = (
				AD6A3ECB21AAA09300D22D7D /* Chat.storyboard */,
				B7D3F4AB21AAE58E00BFDEB6 /* Attribute.storyboard */,
			);
			name = Chat;
			sourceTree = "<group>";
		};
		AD6A3ECD21AAA0F700D22D7D /* Chat */ = {
			isa = PBXGroup;
			children = (
				AD6A3ECE21AAA11700D22D7D /* ChatViewController.swift */,
				B7D3F4A921AAE58200BFDEB6 /* AttributeViewController.swift */,
				AD6A3ED021AAA18500D22D7D /* Cell */,
			);
			name = Chat;
			sourceTree = "<group>";
		};
		AD6A3ED021AAA18500D22D7D /* Cell */ = {
			isa = PBXGroup;
			children = (
				AD6A3ED121AAA1B000D22D7D /* ChatTableViewCell.swift */,
				AD6A3ED221AAA1B000D22D7D /* ChatTableViewCell.xib */,
			);
			name = Cell;
			sourceTree = "<group>";
		};
		B725461C21AA952100FE48E7 = {
			isa = PBXGroup;
			children = (
				B725462721AA952200FE48E7 /* Hackathon */,
				B725462621AA952200FE48E7 /* Products */,
				B725464021AA98B700FE48E7 /* Frameworks */,
			);
			sourceTree = "<group>";
		};
		B725462621AA952200FE48E7 /* Products */ = {
			isa = PBXGroup;
			children = (
				B725462521AA952200FE48E7 /* Hackathon.app */,
			);
			name = Products;
			sourceTree = "<group>";
		};
		B725462721AA952200FE48E7 /* Hackathon */ = {
			isa = PBXGroup;
			children = (
				B725463D21AA958100FE48E7 /* StoryBoard */,
				B7F3C87521AAD4E100A64BAE /* StoryBoard.swift */,
				B725462C21AA952200FE48E7 /* Main.storyboard */,
				B798515C21AAD5C10089D1E8 /* TabBar.storyboard */,
				B725463C21AA957D00FE48E7 /* Model */,
				B725463B21AA957800FE48E7 /* View */,
				B725463A21AA957200FE48E7 /* API */,
				B725462F21AA952300FE48E7 /* Assets.xcassets */,
				B725463121AA952300FE48E7 /* LaunchScreen.storyboard */,
				B725463421AA952300FE48E7 /* Info.plist */,
			);
			path = Hackathon;
			sourceTree = "<group>";
		};
		B725463A21AA957200FE48E7 /* API */ = {
			isa = PBXGroup;
			children = (
			);
			name = API;
			sourceTree = "<group>";
		};
		B725463B21AA957800FE48E7 /* View */ = {
			isa = PBXGroup;
			children = (
				B7D3F4AD21AAEB9B00BFDEB6 /* Consultation */,
				B7F3C87721AAD4F500A64BAE /* Home */,
				A59C3EC821AAC27300C957B1 /* OAuth */,
				AD6A3ECD21AAA0F700D22D7D /* Chat */,
				B725463F21AA959E00FE48E7 /* Main */,
				B725462821AA952200FE48E7 /* AppDelegate.swift */,
				B725462A21AA952200FE48E7 /* ViewController.swift */,
				B7F3C87A21AAD4FF00A64BAE /* TabBarController.swift */,
			);
			path = View;
			sourceTree = "<group>";
		};
		B725463C21AA957D00FE48E7 /* Model */ = {
			isa = PBXGroup;
			children = (
				B798515E21AAD82F0089D1E8 /* AppColor.swift */,
			);
			name = Model;
			sourceTree = "<group>";
		};
		B725463D21AA958100FE48E7 /* StoryBoard */ = {
			isa = PBXGroup;
			children = (
				B7D3F4B221AAEBCB00BFDEB6 /* Consultation */,
				B7F3C87C21AAD56400A64BAE /* Home */,
				A59C3EC721AAC26B00C957B1 /* OAuth */,
				AD6A3ECA21AAA06800D22D7D /* Chat */,
				B725463E21AA959200FE48E7 /* Main */,
			);
			path = StoryBoard;
			sourceTree = "<group>";
		};
		B725463E21AA959200FE48E7 /* Main */ = {
			isa = PBXGroup;
			children = (
			);
			name = Main;
			sourceTree = "<group>";
		};
		B725463F21AA959E00FE48E7 /* Main */ = {
			isa = PBXGroup;
			children = (
			);
			name = Main;
			sourceTree = "<group>";
		};
		B725464021AA98B700FE48E7 /* Frameworks */ = {
			isa = PBXGroup;
			children = (
				B798516621AAD8BA0089D1E8 /* SlackTextViewController.framework */,
				B798516521AAD8BA0089D1E8 /* XLPagerTabStrip.framework */,
				B725464121AA98B700FE48E7 /* Alamofire.framework */,
				B725464421AA98B700FE48E7 /* RxSwift.framework */,
				B725464521AA98B700FE48E7 /* SDWebImage.framework */,
				B725464221AA98B700FE48E7 /* SnapKit.framework */,
				B725464321AA98B700FE48E7 /* SwiftyUserDefaults.framework */,
			);
			name = Frameworks;
			sourceTree = "<group>";
		};
		B7D3F4AD21AAEB9B00BFDEB6 /* Consultation */ = {
			isa = PBXGroup;
			children = (
				B7D3F4AE21AAEBB300BFDEB6 /* ConsultationViewController.swift */,
				B7D3F4B021AAEBC000BFDEB6 /* ConsultationTableViewCell.swift */,
			);
			name = Consultation;
			sourceTree = "<group>";
		};
		B7D3F4B221AAEBCB00BFDEB6 /* Consultation */ = {
			isa = PBXGroup;
			children = (
				B7D3F4B321AAEBD800BFDEB6 /* Consultation.storyboard */,
			);
			name = Consultation;
			sourceTree = "<group>";
		};
		B7F3C87721AAD4F500A64BAE /* Home */ = {
			isa = PBXGroup;
			children = (
				B7F3C87821AAD4F500A64BAE /* HomeViewController.swift */,
			);
			path = Home;
			sourceTree = "<group>";
		};
		B7F3C87C21AAD56400A64BAE /* Home */ = {
			isa = PBXGroup;
			children = (
				B7F3C87D21AAD56400A64BAE /* Home.storyboard */,
			);
			path = Home;
			sourceTree = "<group>";
		};
/* End PBXGroup section */

/* Begin PBXNativeTarget section */
		B725462421AA952200FE48E7 /* Hackathon */ = {
			isa = PBXNativeTarget;
			buildConfigurationList = B725463721AA952300FE48E7 /* Build configuration list for PBXNativeTarget "Hackathon" */;
			buildPhases = (
				B725462121AA952200FE48E7 /* Sources */,
				B725462221AA952200FE48E7 /* Frameworks */,
				B725462321AA952200FE48E7 /* Resources */,
				B725464B21AA98BD00FE48E7 /* ShellScript */,
			);
			buildRules = (
			);
			dependencies = (
			);
			name = Hackathon;
			productName = Hackathon;
			productReference = B725462521AA952200FE48E7 /* Hackathon.app */;
			productType = "com.apple.product-type.application";
		};
/* End PBXNativeTarget section */

/* Begin PBXProject section */
		B725461D21AA952100FE48E7 /* Project object */ = {
			isa = PBXProject;
			attributes = {
				LastSwiftUpdateCheck = 1010;
				LastUpgradeCheck = 1010;
				ORGANIZATIONNAME = tomoki;
				TargetAttributes = {
					B725462421AA952200FE48E7 = {
						CreatedOnToolsVersion = 10.1;
					};
				};
			};
			buildConfigurationList = B725462021AA952100FE48E7 /* Build configuration list for PBXProject "Hackathon" */;
			compatibilityVersion = "Xcode 9.3";
			developmentRegion = en;
			hasScannedForEncodings = 0;
			knownRegions = (
				en,
				Base,
			);
			mainGroup = B725461C21AA952100FE48E7;
			productRefGroup = B725462621AA952200FE48E7 /* Products */;
			projectDirPath = "";
			projectRoot = "";
			targets = (
				B725462421AA952200FE48E7 /* Hackathon */,
			);
		};
/* End PBXProject section */

/* Begin PBXResourcesBuildPhase section */
		B725462321AA952200FE48E7 /* Resources */ = {
			isa = PBXResourcesBuildPhase;
			buildActionMask = 2147483647;
			files = (
				B7D3F4B421AAEBD800BFDEB6 /* Consultation.storyboard in Resources */,
				A59C3ED421AAC2FB00C957B1 /* register.storyboard in Resources */,
				B798515D21AAD5C10089D1E8 /* TabBar.storyboard in Resources */,
				B725463321AA952300FE48E7 /* LaunchScreen.storyboard in Resources */,
				AD6A3ECC21AAA09300D22D7D /* Chat.storyboard in Resources */,
				A59C3ED321AAC2FB00C957B1 /* Login.storyboard in Resources */,
				AD6A3ED421AAA1B000D22D7D /* ChatTableViewCell.xib in Resources */,
				B725463021AA952300FE48E7 /* Assets.xcassets in Resources */,
				B725462E21AA952200FE48E7 /* Main.storyboard in Resources */,
				B7F3C87E21AAD56400A64BAE /* Home.storyboard in Resources */,
				B7D3F4AC21AAE58E00BFDEB6 /* Attribute.storyboard in Resources */,
			);
			runOnlyForDeploymentPostprocessing = 0;
		};
/* End PBXResourcesBuildPhase section */

/* Begin PBXShellScriptBuildPhase section */
		B725464B21AA98BD00FE48E7 /* ShellScript */ = {
			isa = PBXShellScriptBuildPhase;
			buildActionMask = 2147483647;
			files = (
			);
			inputFileListPaths = (
			);
			inputPaths = (
				"$(SRCROOT)/Carthage/Build/iOS/SnapKit.framework",
				"$(SRCROOT)/Carthage/Build/iOS/SDWebImage.framework",
				"$(SRCROOT)/Carthage/Build/iOS/XLPagerTabStrip.framework",
				"$(SRCROOT)/Carthage/Build/iOS/SwiftyUserDefaults.framework",
				"$(SRCROOT)/Carthage/Build/iOS/Alamofire.framework",
				"$(SRCROOT)/Carthage/Build/iOS/RxSwift.framework",
			);
			outputFileListPaths = (
			);
			outputPaths = (
			);
			runOnlyForDeploymentPostprocessing = 0;
			shellPath = /bin/sh;
			shellScript = "/usr/local/bin/carthage copy-frameworks\n";
		};
/* End PBXShellScriptBuildPhase section */

/* Begin PBXSourcesBuildPhase section */
		B725462121AA952200FE48E7 /* Sources */ = {
			isa = PBXSourcesBuildPhase;
			buildActionMask = 2147483647;
			files = (
				A59C3ED021AAC2D200C957B1 /* LoginViewController.swift in Sources */,
				B798515F21AAD82F0089D1E8 /* AppColor.swift in Sources */,
				B725462B21AA952200FE48E7 /* ViewController.swift in Sources */,
				B7D3F4AA21AAE58200BFDEB6 /* AttributeViewController.swift in Sources */,
				B7D3F4B121AAEBC000BFDEB6 /* ConsultationTableViewCell.swift in Sources */,
				A59C3ECE21AAC2AF00C957B1 /* RegisterViewController.swift in Sources */,
				B7F3C87B21AAD4FF00A64BAE /* TabBarController.swift in Sources */,
				B7D3F4AF21AAEBB300BFDEB6 /* ConsultationViewController.swift in Sources */,
				B7F3C87921AAD4F500A64BAE /* HomeViewController.swift in Sources */,
				AD6A3ED321AAA1B000D22D7D /* ChatTableViewCell.swift in Sources */,
				AD6A3ECF21AAA11700D22D7D /* ChatViewController.swift in Sources */,
				B7F3C87621AAD4E100A64BAE /* StoryBoard.swift in Sources */,
				B725462921AA952200FE48E7 /* AppDelegate.swift in Sources */,
			);
			runOnlyForDeploymentPostprocessing = 0;
		};
/* End PBXSourcesBuildPhase section */

/* Begin PBXVariantGroup section */
		B725462C21AA952200FE48E7 /* Main.storyboard */ = {
			isa = PBXVariantGroup;
			children = (
				B725462D21AA952200FE48E7 /* Base */,
			);
			name = Main.storyboard;
			sourceTree = "<group>";
		};
		B725463121AA952300FE48E7 /* LaunchScreen.storyboard */ = {
			isa = PBXVariantGroup;
			children = (
				B725463221AA952300FE48E7 /* Base */,
			);
			name = LaunchScreen.storyboard;
			sourceTree = "<group>";
		};
/* End PBXVariantGroup section */

/* Begin XCBuildConfiguration section */
		B725463521AA952300FE48E7 /* Debug */ = {
			isa = XCBuildConfiguration;
			buildSettings = {
				ALWAYS_SEARCH_USER_PATHS = NO;
				CLANG_ANALYZER_NONNULL = YES;
				CLANG_ANALYZER_NUMBER_OBJECT_CONVERSION = YES_AGGRESSIVE;
				CLANG_CXX_LANGUAGE_STANDARD = "gnu++14";
				CLANG_CXX_LIBRARY = "libc++";
				CLANG_ENABLE_MODULES = YES;
				CLANG_ENABLE_OBJC_ARC = YES;
				CLANG_ENABLE_OBJC_WEAK = YES;
				CLANG_WARN_BLOCK_CAPTURE_AUTORELEASING = YES;
				CLANG_WARN_BOOL_CONVERSION = YES;
				CLANG_WARN_COMMA = YES;
				CLANG_WARN_CONSTANT_CONVERSION = YES;
				CLANG_WARN_DEPRECATED_OBJC_IMPLEMENTATIONS = YES;
				CLANG_WARN_DIRECT_OBJC_ISA_USAGE = YES_ERROR;
				CLANG_WARN_DOCUMENTATION_COMMENTS = YES;
				CLANG_WARN_EMPTY_BODY = YES;
				CLANG_WARN_ENUM_CONVERSION = YES;
				CLANG_WARN_INFINITE_RECURSION = YES;
				CLANG_WARN_INT_CONVERSION = YES;
				CLANG_WARN_NON_LITERAL_NULL_CONVERSION = YES;
				CLANG_WARN_OBJC_IMPLICIT_RETAIN_SELF = YES;
				CLANG_WARN_OBJC_LITERAL_CONVERSION = YES;
				CLANG_WARN_OBJC_ROOT_CLASS = YES_ERROR;
				CLANG_WARN_RANGE_LOOP_ANALYSIS = YES;
				CLANG_WARN_STRICT_PROTOTYPES = YES;
				CLANG_WARN_SUSPICIOUS_MOVE = YES;
				CLANG_WARN_UNGUARDED_AVAILABILITY = YES_AGGRESSIVE;
				CLANG_WARN_UNREACHABLE_CODE = YES;
				CLANG_WARN__DUPLICATE_METHOD_MATCH = YES;
				CODE_SIGN_IDENTITY = "iPhone Developer";
				COPY_PHASE_STRIP = NO;
				DEBUG_INFORMATION_FORMAT = dwarf;
				ENABLE_STRICT_OBJC_MSGSEND = YES;
				ENABLE_TESTABILITY = YES;
				GCC_C_LANGUAGE_STANDARD = gnu11;
				GCC_DYNAMIC_NO_PIC = NO;
				GCC_NO_COMMON_BLOCKS = YES;
				GCC_OPTIMIZATION_LEVEL = 0;
				GCC_PREPROCESSOR_DEFINITIONS = (
					"DEBUG=1",
					"$(inherited)",
				);
				GCC_WARN_64_TO_32_BIT_CONVERSION = YES;
				GCC_WARN_ABOUT_RETURN_TYPE = YES_ERROR;
				GCC_WARN_UNDECLARED_SELECTOR = YES;
				GCC_WARN_UNINITIALIZED_AUTOS = YES_AGGRESSIVE;
				GCC_WARN_UNUSED_FUNCTION = YES;
				GCC_WARN_UNUSED_VARIABLE = YES;
				IPHONEOS_DEPLOYMENT_TARGET = 12.1;
				MTL_ENABLE_DEBUG_INFO = INCLUDE_SOURCE;
				MTL_FAST_MATH = YES;
				ONLY_ACTIVE_ARCH = YES;
				SDKROOT = iphoneos;
				SWIFT_ACTIVE_COMPILATION_CONDITIONS = DEBUG;
				SWIFT_OPTIMIZATION_LEVEL = "-Onone";
			};
			name = Debug;
		};
		B725463621AA952300FE48E7 /* Release */ = {
			isa = XCBuildConfiguration;
			buildSettings = {
				ALWAYS_SEARCH_USER_PATHS = NO;
				CLANG_ANALYZER_NONNULL = YES;
				CLANG_ANALYZER_NUMBER_OBJECT_CONVERSION = YES_AGGRESSIVE;
				CLANG_CXX_LANGUAGE_STANDARD = "gnu++14";
				CLANG_CXX_LIBRARY = "libc++";
				CLANG_ENABLE_MODULES = YES;
				CLANG_ENABLE_OBJC_ARC = YES;
				CLANG_ENABLE_OBJC_WEAK = YES;
				CLANG_WARN_BLOCK_CAPTURE_AUTORELEASING = YES;
				CLANG_WARN_BOOL_CONVERSION = YES;
				CLANG_WARN_COMMA = YES;
				CLANG_WARN_CONSTANT_CONVERSION = YES;
				CLANG_WARN_DEPRECATED_OBJC_IMPLEMENTATIONS = YES;
				CLANG_WARN_DIRECT_OBJC_ISA_USAGE = YES_ERROR;
				CLANG_WARN_DOCUMENTATION_COMMENTS = YES;
				CLANG_WARN_EMPTY_BODY = YES;
				CLANG_WARN_ENUM_CONVERSION = YES;
				CLANG_WARN_INFINITE_RECURSION = YES;
				CLANG_WARN_INT_CONVERSION = YES;
				CLANG_WARN_NON_LITERAL_NULL_CONVERSION = YES;
				CLANG_WARN_OBJC_IMPLICIT_RETAIN_SELF = YES;
				CLANG_WARN_OBJC_LITERAL_CONVERSION = YES;
				CLANG_WARN_OBJC_ROOT_CLASS = YES_ERROR;
				CLANG_WARN_RANGE_LOOP_ANALYSIS = YES;
				CLANG_WARN_STRICT_PROTOTYPES = YES;
				CLANG_WARN_SUSPICIOUS_MOVE = YES;
				CLANG_WARN_UNGUARDED_AVAILABILITY = YES_AGGRESSIVE;
				CLANG_WARN_UNREACHABLE_CODE = YES;
				CLANG_WARN__DUPLICATE_METHOD_MATCH = YES;
				CODE_SIGN_IDENTITY = "iPhone Developer";
				COPY_PHASE_STRIP = NO;
				DEBUG_INFORMATION_FORMAT = "dwarf-with-dsym";
				ENABLE_NS_ASSERTIONS = NO;
				ENABLE_STRICT_OBJC_MSGSEND = YES;
				GCC_C_LANGUAGE_STANDARD = gnu11;
				GCC_NO_COMMON_BLOCKS = YES;
				GCC_WARN_64_TO_32_BIT_CONVERSION = YES;
				GCC_WARN_ABOUT_RETURN_TYPE = YES_ERROR;
				GCC_WARN_UNDECLARED_SELECTOR = YES;
				GCC_WARN_UNINITIALIZED_AUTOS = YES_AGGRESSIVE;
				GCC_WARN_UNUSED_FUNCTION = YES;
				GCC_WARN_UNUSED_VARIABLE = YES;
				IPHONEOS_DEPLOYMENT_TARGET = 12.1;
				MTL_ENABLE_DEBUG_INFO = NO;
				MTL_FAST_MATH = YES;
				SDKROOT = iphoneos;
				SWIFT_COMPILATION_MODE = wholemodule;
				SWIFT_OPTIMIZATION_LEVEL = "-O";
				VALIDATE_PRODUCT = YES;
			};
			name = Release;
		};
		B725463821AA952300FE48E7 /* Debug */ = {
			isa = XCBuildConfiguration;
			buildSettings = {
				ASSETCATALOG_COMPILER_APPICON_NAME = AppIcon;
				CODE_SIGN_STYLE = Automatic;
				FRAMEWORK_SEARCH_PATHS = (
					"$(inherited)",
					"$(PROJECT_DIR)/Carthage/Build/iOS",
				);
				INFOPLIST_FILE = Hackathon/Info.plist;
				IPHONEOS_DEPLOYMENT_TARGET = 11.0;
				LD_RUNPATH_SEARCH_PATHS = (
					"$(inherited)",
					"@executable_path/Frameworks",
				);
				PRODUCT_BUNDLE_IDENTIFIER = com.tomoki.Hackathon;
				PRODUCT_NAME = "$(TARGET_NAME)";
				SWIFT_VERSION = 4.2;
				TARGETED_DEVICE_FAMILY = "1,2";
			};
			name = Debug;
		};
		B725463921AA952300FE48E7 /* Release */ = {
			isa = XCBuildConfiguration;
			buildSettings = {
				ASSETCATALOG_COMPILER_APPICON_NAME = AppIcon;
				CODE_SIGN_STYLE = Automatic;
				FRAMEWORK_SEARCH_PATHS = (
					"$(inherited)",
					"$(PROJECT_DIR)/Carthage/Build/iOS",
				);
				INFOPLIST_FILE = Hackathon/Info.plist;
				IPHONEOS_DEPLOYMENT_TARGET = 11.0;
				LD_RUNPATH_SEARCH_PATHS = (
					"$(inherited)",
					"@executable_path/Frameworks",
				);
				PRODUCT_BUNDLE_IDENTIFIER = com.tomoki.Hackathon;
				PRODUCT_NAME = "$(TARGET_NAME)";
				SWIFT_VERSION = 4.2;
				TARGETED_DEVICE_FAMILY = "1,2";
			};
			name = Release;
		};
/* End XCBuildConfiguration section */

/* Begin XCConfigurationList section */
		B725462021AA952100FE48E7 /* Build configuration list for PBXProject "Hackathon" */ = {
			isa = XCConfigurationList;
			buildConfigurations = (
				B725463521AA952300FE48E7 /* Debug */,
				B725463621AA952300FE48E7 /* Release */,
			);
			defaultConfigurationIsVisible = 0;
			defaultConfigurationName = Release;
		};
		B725463721AA952300FE48E7 /* Build configuration list for PBXNativeTarget "Hackathon" */ = {
			isa = XCConfigurationList;
			buildConfigurations = (
				B725463821AA952300FE48E7 /* Debug */,
				B725463921AA952300FE48E7 /* Release */,
			);
			defaultConfigurationIsVisible = 0;
			defaultConfigurationName = Release;
		};
/* End XCConfigurationList section */
	};
	rootObject = B725461D21AA952100FE48E7 /* Project object */;
}
